
Microsoft Visual Studio Solution File, Format Version 12.00
# Visual Studio Version 16
VisualStudioVersion = 16.0.31410.357
MinimumVisualStudioVersion = 10.0.40219.1
Project("{FAE04EC0-301F-11D3-BF4B-00C04F79EFBC}") = "Loading a Report from the Server-Side", "Loading a Report from the Server-Side\Loading a Report from the Server-Side.csproj", "{09367FAD-894C-4746-973C-CB15D3FB0C68}"
EndProject
Global
	GlobalSection(SolutionConfigurationPlatforms) = preSolution
		Debug|Any CPU = Debug|Any CPU
		Release|Any CPU = Release|Any CPU
	EndGlobalSection
	GlobalSection(ProjectConfigurationPlatforms) = postSolution
		{09367FAD-894C-4746-973C-CB15D3FB0C68}.Debug|Any CPU.ActiveCfg = Debug|Any CPU
		{09367FAD-894C-4746-973C-CB15D3FB0C68}.Debug|Any CPU.Build.0 = Debug|Any CPU
		{09367FAD-894C-4746-973C-CB15D3FB0C68}.Release|Any CPU.ActiveCfg = Release|Any CPU
		{09367FAD-894C-4746-973C-CB15D3FB0C68}.Release|Any CPU.Build.0 = Release|Any CPU
	EndGlobalSection
	GlobalSection(SolutionProperties) = preSolution
		HideSolutionNode = FALSE
	EndGlobalSection
	GlobalSection(ExtensibilityGlobals) = postSolution
		SolutionGuid = {11B3FCE3-03F0-4AE7-B99B-EA4A0A3350EA}
	EndGlobalSection
EndGlobal
