
Microsoft Visual Studio Solution File, Format Version 12.00
# Visual Studio Version 16
VisualStudioVersion = 16.0.31410.357
MinimumVisualStudioVersion = 10.0.40219.1
Project("{3d326ff4-6b6b-41cc-8d16-001f32174d2b}") = "Loading a Dashboard from the Server-Side", "Loading a Dashboard from the Server-Side\Loading a Dashboard from the Server-Side.csproj", "{cc46b76f-c48c-4181-a6f4-096864d1dfcd}"
EndProject
Project("{3d326ff4-6b6b-41cc-8d16-001f32174d2b}") = "Supply Custom Headers for Json Database", "Supply Custom Headers for Json Database\Supply Custom Headers for Json Database.csproj", "{a7e6b9c0-4eab-41ff-b1a5-d49902832b4a}"
EndProject
Global
	GlobalSection(SolutionConfigurationPlatforms) = preSolution
		Debug|Any CPU = Debug|Any CPU
		Release|Any CPU = Release|Any CPU
	EndGlobalSection
	GlobalSection(ProjectConfigurationPlatforms) = postSolution
		{cc46b76f-c48c-4181-a6f4-096864d1dfcd}.Debug|Any CPU.ActiveCfg = Debug|Any CPU
		{cc46b76f-c48c-4181-a6f4-096864d1dfcd}.Debug|Any CPU.Build.0 = Debug|Any CPU
		{cc46b76f-c48c-4181-a6f4-096864d1dfcd}.Release|Any CPU.ActiveCfg = Release|Any CPU
		{cc46b76f-c48c-4181-a6f4-096864d1dfcd}.Release|Any CPU.Build.0 = Release|Any CPU

		{a7e6b9c0-4eab-41ff-b1a5-d49902832b4a}.Debug|Any CPU.ActiveCfg = Debug|Any CPU
		{a7e6b9c0-4eab-41ff-b1a5-d49902832b4a}.Debug|Any CPU.Build.0 = Debug|Any CPU
		{a7e6b9c0-4eab-41ff-b1a5-d49902832b4a}.Release|Any CPU.ActiveCfg = Release|Any CPU
		{a7e6b9c0-4eab-41ff-b1a5-d49902832b4a}.Release|Any CPU.Build.0 = Release|Any CPU
	EndGlobalSection
	GlobalSection(SolutionProperties) = preSolution
		HideSolutionNode = FALSE
	EndGlobalSection
	GlobalSection(ExtensibilityGlobals) = postSolution
		SolutionGuid = {e0e23103-b276-4dfc-8af6-12a813eaef00}
	EndGlobalSection
EndGlobal
